// !$*UTF8*$!
{
	archiveVersion = 1;
	classes = {
	};
	objectVersion = 50;
	objects = {

/* Begin PBXBuildFile section */
		344D9D2A21D41503008B8850 /* AppDelegate.swift in Sources */ = {isa = PBXBuildFile; fileRef = 344D9D2921D41503008B8850 /* AppDelegate.swift */; };
		344D9D2C21D41503008B8850 /* ViewController.swift in Sources */ = {isa = PBXBuildFile; fileRef = 344D9D2B21D41503008B8850 /* ViewController.swift */; };
		344D9D2F21D41504008B8850 /* Main.storyboard in Resources */ = {isa = PBXBuildFile; fileRef = 344D9D2D21D41504008B8850 /* Main.storyboard */; };
		344D9D3121D41506008B8850 /* Assets.xcassets in Resources */ = {isa = PBXBuildFile; fileRef = 344D9D3021D41506008B8850 /* Assets.xcassets */; };
		344D9D3421D41506008B8850 /* LaunchScreen.storyboard in Resources */ = {isa = PBXBuildFile; fileRef = 344D9D3221D41506008B8850 /* LaunchScreen.storyboard */; };
		3DC619200816CA7C36C68885 /* Pods_BitCoin_Track.framework in Frameworks */ = {isa = PBXBuildFile; fileRef = A77B216241D28BFF981C8E7C /* Pods_BitCoin_Track.framework */; };
/* End PBXBuildFile section */

/* Begin PBXFileReference section */
		17E59A2BF46DB7B09C093187 /* Pods-BitCoin Track.debug.xcconfig */ = {isa = PBXFileReference; includeInIndex = 1; lastKnownFileType = text.xcconfig; name = "Pods-BitCoin Track.debug.xcconfig"; path = "Pods/Target Support Files/Pods-BitCoin Track/Pods-BitCoin Track.debug.xcconfig"; sourceTree = "<group>"; };
		344D9D2621D41503008B8850 /* BitCoin Track.app */ = {isa = PBXFileReference; explicitFileType = wrapper.application; includeInIndex = 0; path = "BitCoin Track.app"; sourceTree = BUILT_PRODUCTS_DIR; };
		344D9D2921D41503008B8850 /* AppDelegate.swift */ = {isa = PBXFileReference; lastKnownFileType = sourcecode.swift; path = AppDelegate.swift; sourceTree = "<group>"; };
		344D9D2B21D41503008B8850 /* ViewController.swift */ = {isa = PBXFileReference; lastKnownFileType = sourcecode.swift; path = ViewController.swift; sourceTree = "<group>"; };
		344D9D2E21D41504008B8850 /* Base */ = {isa = PBXFileReference; lastKnownFileType = file.storyboard; name = Base; path = Base.lproj/Main.storyboard; sourceTree = "<group>"; };
		344D9D3021D41506008B8850 /* Assets.xcassets */ = {isa = PBXFileReference; lastKnownFileType = folder.assetcatalog; path = Assets.xcassets; sourceTree = "<group>"; };
		344D9D3321D41506008B8850 /* Base */ = {isa = PBXFileReference; lastKnownFileType = file.storyboard; name = Base; path = Base.lproj/LaunchScreen.storyboard; sourceTree = "<group>"; };
		344D9D3521D41506008B8850 /* Info.plist */ = {isa = PBXFileReference; lastKnownFileType = text.plist.xml; path = Info.plist; sourceTree = "<group>"; };
		6891D926FB7A7D4F4DAA0E24 /* Pods-BitCoin Track.release.xcconfig */ = {isa = PBXFileReference; includeInIndex = 1; lastKnownFileType = text.xcconfig; name = "Pods-BitCoin Track.release.xcconfig"; path = "Pods/Target Support Files/Pods-BitCoin Track/Pods-BitCoin Track.release.xcconfig"; sourceTree = "<group>"; };
		A77B216241D28BFF981C8E7C /* Pods_BitCoin_Track.framework */ = {isa = PBXFileReference; explicitFileType = wrapper.framework; includeInIndex = 0; path = Pods_BitCoin_Track.framework; sourceTree = BUILT_PRODUCTS_DIR; };
/* End PBXFileReference section */

/* Begin PBXFrameworksBuildPhase section */
		344D9D2321D41503008B8850 /* Frameworks */ = {
			isa = PBXFrameworksBuildPhase;
			buildActionMask = 2147483647;
			files = (
				3DC619200816CA7C36C68885 /* Pods_BitCoin_Track.framework in Frameworks */,
			);
			runOnlyForDeploymentPostprocessing = 0;
		};
/* End PBXFrameworksBuildPhase section */

/* Begin PBXGroup section */
		344D9D1D21D41503008B8850 = {
			isa = PBXGroup;
			children = (
				344D9D2821D41503008B8850 /* BitCoin Track */,
				344D9D2721D41503008B8850 /* Products */,
				6418EB5DC340DA61F4D239FB /* Pods */,
				B705E9490770D6BCB861AD9E /* Frameworks */,
			);
			sourceTree = "<group>";
		};
		344D9D2721D41503008B8850 /* Products */ = {
			isa = PBXGroup;
			children = (
				344D9D2621D41503008B8850 /* BitCoin Track.app */,
			);
			name = Products;
			sourceTree = "<group>";
		};
		344D9D2821D41503008B8850 /* BitCoin Track */ = {
			isa = PBXGroup;
			children = (
				344D9D2921D41503008B8850 /* AppDelegate.swift */,
				344D9D2B21D41503008B8850 /* ViewController.swift */,
				344D9D2D21D41504008B8850 /* Main.storyboard */,
				344D9D3021D41506008B8850 /* Assets.xcassets */,
				344D9D3221D41506008B8850 /* LaunchScreen.storyboard */,
				344D9D3521D41506008B8850 /* Info.plist */,
			);
			path = "BitCoin Track";
			sourceTree = "<group>";
		};
		6418EB5DC340DA61F4D239FB /* Pods */ = {
			isa = PBXGroup;
			children = (
				17E59A2BF46DB7B09C093187 /* Pods-BitCoin Track.debug.xcconfig */,
				6891D926FB7A7D4F4DAA0E24 /* Pods-BitCoin Track.release.xcconfig */,
			);
			name = Pods;
			sourceTree = "<group>";
		};
		B705E9490770D6BCB861AD9E /* Frameworks */ = {
			isa = PBXGroup;
			children = (
				A77B216241D28BFF981C8E7C /* Pods_BitCoin_Track.framework */,
			);
			name = Frameworks;
			sourceTree = "<group>";
		};
/* End PBXGroup section */

/* Begin PBXNativeTarget section */
		344D9D2521D41503008B8850 /* BitCoin Track */ = {
			isa = PBXNativeTarget;
			buildConfigurationList = 344D9D3821D41506008B8850 /* Build configuration list for PBXNativeTarget "BitCoin Track" */;
			buildPhases = (
				FD46F1EA3A5F62C54B9ECAAB /* [CP] Check Pods Manifest.lock */,
				344D9D2221D41503008B8850 /* Sources */,
				344D9D2321D41503008B8850 /* Frameworks */,
				344D9D2421D41503008B8850 /* Resources */,
				4CF9297DDA69E2C1F4B2524C /* [CP] Embed Pods Frameworks */,
			);
			buildRules = (
			);
			dependencies = (
			);
			name = "BitCoin Track";
			productName = "BitCoin Track";
			productReference = 344D9D2621D41503008B8850 /* BitCoin Track.app */;
			productType = "com.apple.product-type.application";
		};
/* End PBXNativeTarget section */

/* Begin PBXProject section */
		344D9D1E21D41503008B8850 /* Project object */ = {
			isa = PBXProject;
			attributes = {
				LastSwiftUpdateCheck = 1010;
				LastUpgradeCheck = 1010;
				ORGANIZATIONNAME = "Bimalesh Sahoo";
				TargetAttributes = {
					344D9D2521D41503008B8850 = {
						CreatedOnToolsVersion = 10.1;
					};
				};
			};
			buildConfigurationList = 344D9D2121D41503008B8850 /* Build configuration list for PBXProject "BitCoin Track" */;
			compatibilityVersion = "Xcode 9.3";
			developmentRegion = en;
			hasScannedForEncodings = 0;
			knownRegions = (
				en,
				Base,
			);
			mainGroup = 344D9D1D21D41503008B8850;
			productRefGroup = 344D9D2721D41503008B8850 /* Products */;
			projectDirPath = "";
			projectRoot = "";
			targets = (
				344D9D2521D41503008B8850 /* BitCoin Track */,
			);
		};
/* End PBXProject section */

/* Begin PBXResourcesBuildPhase section */
		344D9D2421D41503008B8850 /* Resources */ = {
			isa = PBXResourcesBuildPhase;
			buildActionMask = 2147483647;
			files = (
				344D9D3421D41506008B8850 /* LaunchScreen.storyboard in Resources */,
				344D9D3121D41506008B8850 /* Assets.xcassets in Resources */,
				344D9D2F21D41504008B8850 /* Main.storyboard in Resources */,
			);
			runOnlyForDeploymentPostprocessing = 0;
		};
/* End PBXResourcesBuildPhase section */

/* Begin PBXShellScriptBuildPhase section */
		4CF9297DDA69E2C1F4B2524C /* [CP] Embed Pods Frameworks */ = {
			isa = PBXShellScriptBuildPhase;
			buildActionMask = 2147483647;
			files = (
			);
			inputFileListPaths = (
			);
			inputPaths = (
				"${SRCROOT}/Pods/Target Support Files/Pods-BitCoin Track/Pods-BitCoin Track-frameworks.sh",
				"${BUILT_PRODUCTS_DIR}/Alamofire/Alamofire.framework",
				"${BUILT_PRODUCTS_DIR}/SwiftyJSON/SwiftyJSON.framework",
			);
			name = "[CP] Embed Pods Frameworks";
			outputFileListPaths = (
			);
			outputPaths = (
				"${TARGET_BUILD_DIR}/${FRAMEWORKS_FOLDER_PATH}/Alamofire.framework",
				"${TARGET_BUILD_DIR}/${FRAMEWORKS_FOLDER_PATH}/SwiftyJSON.framework",
			);
			runOnlyForDeploymentPostprocessing = 0;
			shellPath = /bin/sh;
			shellScript = "\"${SRCROOT}/Pods/Target Support Files/Pods-BitCoin Track/Pods-BitCoin Track-frameworks.sh\"\n";
			showEnvVarsInLog = 0;
		};
		FD46F1EA3A5F62C54B9ECAAB /* [CP] Check Pods Manifest.lock */ = {
			isa = PBXShellScriptBuildPhase;
			buildActionMask = 2147483647;
			files = (
			);
			inputFileListPaths = (
			);
			inputPaths = (
				"${PODS_PODFILE_DIR_PATH}/Podfile.lock",
				"${PODS_ROOT}/Manifest.lock",
			);
			name = "[CP] Check Pods Manifest.lock";
			outputFileListPaths = (
			);
			outputPaths = (
				"$(DERIVED_FILE_DIR)/Pods-BitCoin Track-checkManifestLockResult.txt",
			);
			runOnlyForDeploymentPostprocessing = 0;
			shellPath = /bin/sh;
			shellScript = "diff \"${PODS_PODFILE_DIR_PATH}/Podfile.lock\" \"${PODS_ROOT}/Manifest.lock\" > /dev/null\nif [ $? != 0 ] ; then\n    # print error to STDERR\n    echo \"error: The sandbox is not in sync with the Podfile.lock. Run 'pod install' or update your CocoaPods installation.\" >&2\n    exit 1\nfi\n# This output is used by Xcode 'outputs' to avoid re-running this script phase.\necho \"SUCCESS\" > \"${SCRIPT_OUTPUT_FILE_0}\"\n";
			showEnvVarsInLog = 0;
		};
/* End PBXShellScriptBuildPhase section */

/* Begin PBXSourcesBuildPhase section */
		344D9D2221D41503008B8850 /* Sources */ = {
			isa = PBXSourcesBuildPhase;
			buildActionMask = 2147483647;
			files = (
				344D9D2C21D41503008B8850 /* ViewController.swift in Sources */,
				344D9D2A21D41503008B8850 /* AppDelegate.swift in Sources */,
			);
			runOnlyForDeploymentPostprocessing = 0;
		};
/* End PBXSourcesBuildPhase section */

/* Begin PBXVariantGroup section */
		344D9D2D21D41504008B8850 /* Main.storyboard */ = {
			isa = PBXVariantGroup;
			children = (
				344D9D2E21D41504008B8850 /* Base */,
			);
			name = Main.storyboard;
			sourceTree = "<group>";
		};
		344D9D3221D41506008B8850 /* LaunchScreen.storyboard */ = {
			isa = PBXVariantGroup;
			children = (
				344D9D3321D41506008B8850 /* Base */,
			);
			name = LaunchScreen.storyboard;
			sourceTree = "<group>";
		};
/* End PBXVariantGroup section */

/* Begin XCBuildConfiguration section */
		344D9D3621D41506008B8850 /* Debug */ = {
			isa = XCBuildConfiguration;
			buildSettings = {
				ALWAYS_SEARCH_USER_PATHS = NO;
				CLANG_ANALYZER_NONNULL = YES;
				CLANG_ANALYZER_NUMBER_OBJECT_CONVERSION = YES_AGGRESSIVE;
				CLANG_CXX_LANGUAGE_STANDARD = "gnu++14";
				CLANG_CXX_LIBRARY = "libc++";
				CLANG_ENABLE_MODULES = YES;
				CLANG_ENABLE_OBJC_ARC = YES;
				CLANG_ENABLE_OBJC_WEAK = YES;
				CLANG_WARN_BLOCK_CAPTURE_AUTORELEASING = YES;
				CLANG_WARN_BOOL_CONVERSION = YES;
				CLANG_WARN_COMMA = YES;
				CLANG_WARN_CONSTANT_CONVERSION = YES;
				CLANG_WARN_DEPRECATED_OBJC_IMPLEMENTATIONS = YES;
				CLANG_WARN_DIRECT_OBJC_ISA_USAGE = YES_ERROR;
				CLANG_WARN_DOCUMENTATION_COMMENTS = YES;
				CLANG_WARN_EMPTY_BODY = YES;
				CLANG_WARN_ENUM_CONVERSION = YES;
				CLANG_WARN_INFINITE_RECURSION = YES;
				CLANG_WARN_INT_CONVERSION = YES;
				CLANG_WARN_NON_LITERAL_NULL_CONVERSION = YES;
				CLANG_WARN_OBJC_IMPLICIT_RETAIN_SELF = YES;
				CLANG_WARN_OBJC_LITERAL_CONVERSION = YES;
				CLANG_WARN_OBJC_ROOT_CLASS = YES_ERROR;
				CLANG_WARN_RANGE_LOOP_ANALYSIS = YES;
				CLANG_WARN_STRICT_PROTOTYPES = YES;
				CLANG_WARN_SUSPICIOUS_MOVE = YES;
				CLANG_WARN_UNGUARDED_AVAILABILITY = YES_AGGRESSIVE;
				CLANG_WARN_UNREACHABLE_CODE = YES;
				CLANG_WARN__DUPLICATE_METHOD_MATCH = YES;
				CODE_SIGN_IDENTITY = "iPhone Developer";
				COPY_PHASE_STRIP = NO;
				DEBUG_INFORMATION_FORMAT = dwarf;
				ENABLE_STRICT_OBJC_MSGSEND = YES;
				ENABLE_TESTABILITY = YES;
				GCC_C_LANGUAGE_STANDARD = gnu11;
				GCC_DYNAMIC_NO_PIC = NO;
				GCC_NO_COMMON_BLOCKS = YES;
				GCC_OPTIMIZATION_LEVEL = 0;
				GCC_PREPROCESSOR_DEFINITIONS = (
					"DEBUG=1",
					"$(inherited)",
				);
				GCC_WARN_64_TO_32_BIT_CONVERSION = YES;
				GCC_WARN_ABOUT_RETURN_TYPE = YES_ERROR;
				GCC_WARN_UNDECLARED_SELECTOR = YES;
				GCC_WARN_UNINITIALIZED_AUTOS = YES_AGGRESSIVE;
				GCC_WARN_UNUSED_FUNCTION = YES;
				GCC_WARN_UNUSED_VARIABLE = YES;
				IPHONEOS_DEPLOYMENT_TARGET = 12.1;
				MTL_ENABLE_DEBUG_INFO = INCLUDE_SOURCE;
				MTL_FAST_MATH = YES;
				ONLY_ACTIVE_ARCH = YES;
				SDKROOT = iphoneos;
				SWIFT_ACTIVE_COMPILATION_CONDITIONS = DEBUG;
				SWIFT_OPTIMIZATION_LEVEL = "-Onone";
			};
			name = Debug;
		};
		344D9D3721D41506008B8850 /* Release */ = {
			isa = XCBuildConfiguration;
			buildSettings = {
				ALWAYS_SEARCH_USER_PATHS = NO;
				CLANG_ANALYZER_NONNULL = YES;
				CLANG_ANALYZER_NUMBER_OBJECT_CONVERSION = YES_AGGRESSIVE;
				CLANG_CXX_LANGUAGE_STANDARD = "gnu++14";
				CLANG_CXX_LIBRARY = "libc++";
				CLANG_ENABLE_MODULES = YES;
				CLANG_ENABLE_OBJC_ARC = YES;
				CLANG_ENABLE_OBJC_WEAK = YES;
				CLANG_WARN_BLOCK_CAPTURE_AUTORELEASING = YES;
				CLANG_WARN_BOOL_CONVERSION = YES;
				CLANG_WARN_COMMA = YES;
				CLANG_WARN_CONSTANT_CONVERSION = YES;
				CLANG_WARN_DEPRECATED_OBJC_IMPLEMENTATIONS = YES;
				CLANG_WARN_DIRECT_OBJC_ISA_USAGE = YES_ERROR;
				CLANG_WARN_DOCUMENTATION_COMMENTS = YES;
				CLANG_WARN_EMPTY_BODY = YES;
				CLANG_WARN_ENUM_CONVERSION = YES;
				CLANG_WARN_INFINITE_RECURSION = YES;
				CLANG_WARN_INT_CONVERSION = YES;
				CLANG_WARN_NON_LITERAL_NULL_CONVERSION = YES;
				CLANG_WARN_OBJC_IMPLICIT_RETAIN_SELF = YES;
				CLANG_WARN_OBJC_LITERAL_CONVERSION = YES;
				CLANG_WARN_OBJC_ROOT_CLASS = YES_ERROR;
				CLANG_WARN_RANGE_LOOP_ANALYSIS = YES;
				CLANG_WARN_STRICT_PROTOTYPES = YES;
				CLANG_WARN_SUSPICIOUS_MOVE = YES;
				CLANG_WARN_UNGUARDED_AVAILABILITY = YES_AGGRESSIVE;
				CLANG_WARN_UNREACHABLE_CODE = YES;
				CLANG_WARN__DUPLICATE_METHOD_MATCH = YES;
				CODE_SIGN_IDENTITY = "iPhone Developer";
				COPY_PHASE_STRIP = NO;
				DEBUG_INFORMATION_FORMAT = "dwarf-with-dsym";
				ENABLE_NS_ASSERTIONS = NO;
				ENABLE_STRICT_OBJC_MSGSEND = YES;
				GCC_C_LANGUAGE_STANDARD = gnu11;
				GCC_NO_COMMON_BLOCKS = YES;
				GCC_WARN_64_TO_32_BIT_CONVERSION = YES;
				GCC_WARN_ABOUT_RETURN_TYPE = YES_ERROR;
				GCC_WARN_UNDECLARED_SELECTOR = YES;
				GCC_WARN_UNINITIALIZED_AUTOS = YES_AGGRESSIVE;
				GCC_WARN_UNUSED_FUNCTION = YES;
				GCC_WARN_UNUSED_VARIABLE = YES;
				IPHONEOS_DEPLOYMENT_TARGET = 12.1;
				MTL_ENABLE_DEBUG_INFO = NO;
				MTL_FAST_MATH = YES;
				SDKROOT = iphoneos;
				SWIFT_COMPILATION_MODE = wholemodule;
				SWIFT_OPTIMIZATION_LEVEL = "-O";
				VALIDATE_PRODUCT = YES;
			};
			name = Release;
		};
		344D9D3921D41506008B8850 /* Debug */ = {
			isa = XCBuildConfiguration;
			baseConfigurationReference = 17E59A2BF46DB7B09C093187 /* Pods-BitCoin Track.debug.xcconfig */;
			buildSettings = {
				ASSETCATALOG_COMPILER_APPICON_NAME = AppIcon;
				CODE_SIGN_STYLE = Automatic;
				DEVELOPMENT_TEAM = K6YREPMMF6;
				INFOPLIST_FILE = "BitCoin Track/Info.plist";
				LD_RUNPATH_SEARCH_PATHS = (
					"$(inherited)",
					"@executable_path/Frameworks",
				);
				PRODUCT_BUNDLE_IDENTIFIER = "com.bimalesh.BitCoin-Track";
				PRODUCT_NAME = "$(TARGET_NAME)";
				SWIFT_VERSION = 4.2;
				TARGETED_DEVICE_FAMILY = "1,2";
			};
			name = Debug;
		};
		344D9D3A21D41506008B8850 /* Release */ = {
			isa = XCBuildConfiguration;
			baseConfigurationReference = 6891D926FB7A7D4F4DAA0E24 /* Pods-BitCoin Track.release.xcconfig */;
			buildSettings = {
				ASSETCATALOG_COMPILER_APPICON_NAME = AppIcon;
				CODE_SIGN_STYLE = Automatic;
				DEVELOPMENT_TEAM = K6YREPMMF6;
				INFOPLIST_FILE = "BitCoin Track/Info.plist";
				LD_RUNPATH_SEARCH_PATHS = (
					"$(inherited)",
					"@executable_path/Frameworks",
				);
				PRODUCT_BUNDLE_IDENTIFIER = "com.bimalesh.BitCoin-Track";
				PRODUCT_NAME = "$(TARGET_NAME)";
				SWIFT_VERSION = 4.2;
				TARGETED_DEVICE_FAMILY = "1,2";
			};
			name = Release;
		};
/* End XCBuildConfiguration section */

/* Begin XCConfigurationList section */
		344D9D2121D41503008B8850 /* Build configuration list for PBXProject "BitCoin Track" */ = {
			isa = XCConfigurationList;
			buildConfigurations = (
				344D9D3621D41506008B8850 /* Debug */,
				344D9D3721D41506008B8850 /* Release */,
			);
			defaultConfigurationIsVisible = 0;
			defaultConfigurationName = Release;
		};
		344D9D3821D41506008B8850 /* Build configuration list for PBXNativeTarget "BitCoin Track" */ = {
			isa = XCConfigurationList;
			buildConfigurations = (
				344D9D3921D41506008B8850 /* Debug */,
				344D9D3A21D41506008B8850 /* Release */,
			);
			defaultConfigurationIsVisible = 0;
			defaultConfigurationName = Release;
		};
/* End XCConfigurationList section */
	};
	rootObject = 344D9D1E21D41503008B8850 /* Project object */;
}
